schema: '2.0'
stages:
  featurize:
    cmd: python src/featurization.py data/prepared data/features
    deps:
    - path: data/prepared
      md5: 153aad06d376b6595932470e459ef42a.dir
      size: 8447363
      nfiles: 2
    - path: src/featurization.py
      md5: e0265fc22f056a4b86d85c3056bc2894
      size: 2490
    params:
      params.yaml:
        featurize.max_features: 100
        featurize.ngrams: 1
    outs:
    - path: data/features
      md5: f8f5cbc3188008a7542d02d63054d9d2.dir
      size: 1556290
      nfiles: 2
